<?xml version="1.0" encoding="utf-8"?>
<Project ToolsVersion="4.0" xmlns="http://schemas.microsoft.com/developer/msbuild/2003">
  <ItemGroup>
    <Filter Include="リソース ファイル">
      <UniqueIdentifier>{67DA6AB6-F800-4c08-8B7A-83BB121AAD01}</UniqueIdentifier>
      <Extensions>rc;ico;cur;bmp;dlg;rc2;rct;bin;rgs;gif;jpg;jpeg;jpe;resx;tiff;tif;png;wav;mfcribbon-ms</Extensions>
    </Filter>
    <Filter Include="EasyEngine">
      <UniqueIdentifier>{4FC737F1-C7A5-4376-A066-2A32D752A2FF}</UniqueIdentifier>
      <Extensions>cpp;c;cc;cxx;def;odl;idl;hpj;bat;asm;asmx</Extensions>
    </Filter>
    <Filter Include="EasyEngine\0_Tools">
      <UniqueIdentifier>{6c370306-71e7-4675-aea9-af31144b93cc}</UniqueIdentifier>
    </Filter>
    <Filter Include="EasyEngine\1_Core">
      <UniqueIdentifier>{cd975d7f-61e7-44e8-b232-2b98da5d5ece}</UniqueIdentifier>
    </Filter>
    <Filter Include="EasyEngine\99_System">
      <UniqueIdentifier>{b337d101-0f30-4c78-b56d-a63d85c7b7e3}</UniqueIdentifier>
    </Filter>
    <Filter Include="EasyEngine\99_System\Windows">
      <UniqueIdentifier>{020c3a86-e112-43b7-b8dc-8e556c3ee71a}</UniqueIdentifier>
    </Filter>
    <Filter Include="EasyEngine\1_Core\CoreManager">
      <UniqueIdentifier>{b1178e1a-103c-4fa8-ac3a-002a65bf44b6}</UniqueIdentifier>
    </Filter>
    <Filter Include="EasyEngine\0_Tools\Components">
      <UniqueIdentifier>{1f3f77b6-1162-43da-9e81-49e60ef386d9}</UniqueIdentifier>
    </Filter>
    <Filter Include="EasyEngine\0_Tools\RenderBatch">
      <UniqueIdentifier>{bb4b4cd0-3386-4936-b132-2ee95935c297}</UniqueIdentifier>
    </Filter>
    <Filter Include="EasyEngine\0_Tools\JobScheduler">
      <UniqueIdentifier>{be12d235-976b-4ac5-b292-a7f56e27c521}</UniqueIdentifier>
    </Filter>
    <Filter Include="リソース ファイル\Shader">
      <UniqueIdentifier>{4d6b9e66-fdd6-4b53-aed1-5ccc8caa0228}</UniqueIdentifier>
    </Filter>
    <Filter Include="EasyEngine\99_System\Windows\DirectX11">
      <UniqueIdentifier>{ac4cb9df-fa96-4bcb-9a16-1250e921bedc}</UniqueIdentifier>
    </Filter>
    <Filter Include="EasyEngine\0_Tools\Components\RenderComponent">
      <UniqueIdentifier>{6f76f598-1a6a-4f29-8e9c-a61275ccc3c9}</UniqueIdentifier>
    </Filter>
    <Filter Include="EasyEngine\0_Tools\Components\Factory">
      <UniqueIdentifier>{9e5a461b-229f-423c-b549-004a2623d535}</UniqueIdentifier>
    </Filter>
    <Filter Include="EasyEngine\0_Tools\Actor">
      <UniqueIdentifier>{37f54cf2-380a-4491-9a3d-74b86fb6fa96}</UniqueIdentifier>
    </Filter>
    <Filter Include="EasyEngine\0_Tools\Scene">
      <UniqueIdentifier>{956c9bc2-989c-4df3-b891-0bc1cc9f064c}</UniqueIdentifier>
    </Filter>
    <Filter Include="EasyEngine\0_Tools\Actor\Factory">
      <UniqueIdentifier>{d94d57e2-86c9-4e81-820e-d5f548bfe232}</UniqueIdentifier>
    </Filter>
    <Filter Include="EasyEngine\0_Tools\Scene\Factory">
      <UniqueIdentifier>{00cc52a8-3816-424c-8374-45914af7c6d9}</UniqueIdentifier>
    </Filter>
  </ItemGroup>
  <ItemGroup>
    <ClInclude Include="easy_engine.hpp">
      <Filter>EasyEngine\1_Core</Filter>
    </ClInclude>
    <ClInclude Include="egeg_common.hpp">
      <Filter>EasyEngine\1_Core</Filter>
    </ClInclude>
    <ClInclude Include="geometry_shader.hpp">
      <Filter>EasyEngine\1_Core</Filter>
    </ClInclude>
    <ClInclude Include="pixel_shader.hpp">
      <Filter>EasyEngine\1_Core</Filter>
    </ClInclude>
    <ClInclude Include="platform.hpp">
      <Filter>EasyEngine\1_Core</Filter>
    </ClInclude>
    <ClInclude Include="renderer.hpp">
      <Filter>EasyEngine\1_Core</Filter>
    </ClInclude>
    <ClInclude Include="shader_loader.hpp">
      <Filter>EasyEngine\1_Core</Filter>
    </ClInclude>
    <ClInclude Include="texture.hpp">
      <Filter>EasyEngine\1_Core</Filter>
    </ClInclude>
    <ClInclude Include="texture_loader.hpp">
      <Filter>EasyEngine\1_Core</Filter>
    </ClInclude>
    <ClInclude Include="vertex_data.hpp">
      <Filter>EasyEngine\1_Core</Filter>
    </ClInclude>
    <ClInclude Include="vertex_shader.hpp">
      <Filter>EasyEngine\1_Core</Filter>
    </ClInclude>
    <ClInclude Include="mesh.hpp">
      <Filter>EasyEngine\1_Core</Filter>
    </ClInclude>
    <ClInclude Include="model.hpp">
      <Filter>EasyEngine\1_Core</Filter>
    </ClInclude>
    <ClInclude Include="platform_factory.hpp">
      <Filter>EasyEngine\1_Core</Filter>
    </ClInclude>
    <ClInclude Include="vertex_index.hpp">
      <Filter>EasyEngine\1_Core</Filter>
    </ClInclude>
    <ClInclude Include="platform_windows.hpp">
      <Filter>EasyEngine\99_System\Windows</Filter>
    </ClInclude>
    <ClInclude Include="shared_object.hpp">
      <Filter>EasyEngine\1_Core</Filter>
    </ClInclude>
    <ClInclude Include="texture_manager.hpp">
      <Filter>EasyEngine\1_Core\CoreManager</Filter>
    </ClInclude>
    <ClInclude Include="system_manager.hpp">
      <Filter>EasyEngine\1_Core\CoreManager</Filter>
    </ClInclude>
    <ClInclude Include="shader_manager.hpp">
      <Filter>EasyEngine\1_Core\CoreManager</Filter>
    </ClInclude>
    <ClInclude Include="rendering_manager.hpp">
      <Filter>EasyEngine\1_Core\CoreManager</Filter>
    </ClInclude>
    <ClInclude Include="sound_loader.hpp">
      <Filter>EasyEngine\1_Core</Filter>
    </ClInclude>
    <ClInclude Include="sound.hpp">
      <Filter>EasyEngine\1_Core</Filter>
    </ClInclude>
    <ClInclude Include="sound_manager.hpp">
      <Filter>EasyEngine\1_Core\CoreManager</Filter>
    </ClInclude>
    <ClInclude Include="render_batch.hpp">
      <Filter>EasyEngine\0_Tools\RenderBatch</Filter>
    </ClInclude>
    <ClInclude Include="job.hpp">
      <Filter>EasyEngine\0_Tools\JobScheduler</Filter>
    </ClInclude>
    <ClInclude Include="job_container.hpp">
      <Filter>EasyEngine\0_Tools\JobScheduler</Filter>
    </ClInclude>
    <ClInclude Include="job_scheduler.hpp">
      <Filter>EasyEngine\0_Tools\JobScheduler</Filter>
    </ClInclude>
    <ClInclude Include="sprite_component.hpp">
      <Filter>EasyEngine\0_Tools\Components\RenderComponent</Filter>
    </ClInclude>
    <ClInclude Include="job_priority.hpp">
      <Filter>EasyEngine\0_Tools\JobScheduler</Filter>
    </ClInclude>
    <ClInclude Include="egeg_math.hpp">
      <Filter>EasyEngine\1_Core</Filter>
    </ClInclude>
    <ClInclude Include="game.hpp">
      <Filter>EasyEngine\1_Core</Filter>
    </ClInclude>
    <ClInclude Include="geometry_shader_d3d11.hpp">
      <Filter>EasyEngine\99_System\Windows\DirectX11</Filter>
    </ClInclude>
    <ClInclude Include="pixel_shader_d3d11.hpp">
      <Filter>EasyEngine\99_System\Windows\DirectX11</Filter>
    </ClInclude>
    <ClInclude Include="renderer_d3d11.hpp">
      <Filter>EasyEngine\99_System\Windows\DirectX11</Filter>
    </ClInclude>
    <ClInclude Include="shader_loader_d3d11.hpp">
      <Filter>EasyEngine\99_System\Windows\DirectX11</Filter>
    </ClInclude>
    <ClInclude Include="texture_loader_d3d11.hpp">
      <Filter>EasyEngine\99_System\Windows\DirectX11</Filter>
    </ClInclude>
    <ClInclude Include="texture_d3d11.hpp">
      <Filter>EasyEngine\99_System\Windows\DirectX11</Filter>
    </ClInclude>
    <ClInclude Include="vertex_shader_d3d11.hpp">
      <Filter>EasyEngine\99_System\Windows\DirectX11</Filter>
    </ClInclude>
    <ClInclude Include="uid.hpp">
      <Filter>EasyEngine\1_Core</Filter>
    </ClInclude>
    <ClInclude Include="scene.hpp">
      <Filter>EasyEngine\0_Tools\Scene</Filter>
    </ClInclude>
    <ClInclude Include="actor.hpp">
      <Filter>EasyEngine\0_Tools\Actor</Filter>
    </ClInclude>
    <ClInclude Include="scene_manager.hpp">
      <Filter>EasyEngine\0_Tools\Scene</Filter>
    </ClInclude>
    <ClInclude Include="component.hpp">
      <Filter>EasyEngine\0_Tools\Components</Filter>
    </ClInclude>
    <ClInclude Include="component_factory.hpp">
      <Filter>EasyEngine\0_Tools\Components\Factory</Filter>
    </ClInclude>
    <ClInclude Include="actor_factory.hpp">
      <Filter>EasyEngine\0_Tools\Actor\Factory</Filter>
    </ClInclude>
    <ClInclude Include="scene_factory.hpp">
      <Filter>EasyEngine\0_Tools\Scene\Factory</Filter>
    </ClInclude>
    <ClInclude Include="render_component.hpp">
      <Filter>EasyEngine\0_Tools\Components\RenderComponent</Filter>
    </ClInclude>
    <ClInclude Include="entry_scene.hpp">
      <Filter>EasyEngine\0_Tools\Scene</Filter>
    </ClInclude>
  </ItemGroup>
  <ItemGroup>
    <ClCompile Include="easy_engine.cpp">
      <Filter>EasyEngine\1_Core</Filter>
    </ClCompile>
    <ClCompile Include="platform_factory.cpp">
      <Filter>EasyEngine\1_Core</Filter>
    </ClCompile>
    <ClCompile Include="main.cpp">
      <Filter>EasyEngine\99_System</Filter>
    </ClCompile>
    <ClCompile Include="platform_windows.cpp">
      <Filter>EasyEngine\99_System\Windows</Filter>
    </ClCompile>
    <ClCompile Include="texture_manager.cpp">
      <Filter>EasyEngine\1_Core\CoreManager</Filter>
    </ClCompile>
    <ClCompile Include="shader_manager.cpp">
      <Filter>EasyEngine\1_Core\CoreManager</Filter>
    </ClCompile>
    <ClCompile Include="rendering_manager.cpp">
      <Filter>EasyEngine\1_Core\CoreManager</Filter>
    </ClCompile>
    <ClCompile Include="system_manager.cpp">
      <Filter>EasyEngine\1_Core\CoreManager</Filter>
    </ClCompile>
    <ClCompile Include="sound_manager.cpp">
      <Filter>EasyEngine\1_Core\CoreManager</Filter>
    </ClCompile>
    <ClCompile Include="job_container.cpp">
      <Filter>EasyEngine\0_Tools\JobScheduler</Filter>
    </ClCompile>
    <ClCompile Include="job_scheduler.cpp">
      <Filter>EasyEngine\0_Tools\JobScheduler</Filter>
    </ClCompile>
    <ClCompile Include="render_batch.cpp">
      <Filter>EasyEngine\0_Tools\RenderBatch</Filter>
    </ClCompile>
    <ClCompile Include="sprite_component.cpp">
      <Filter>EasyEngine\0_Tools\Components\RenderComponent</Filter>
    </ClCompile>
    <ClCompile Include="game.cpp">
      <Filter>EasyEngine\1_Core</Filter>
    </ClCompile>
    <ClCompile Include="renderer_d3d11.cpp">
      <Filter>EasyEngine\99_System\Windows\DirectX11</Filter>
    </ClCompile>
    <ClCompile Include="shader_loader_d3d11.cpp">
      <Filter>EasyEngine\99_System\Windows\DirectX11</Filter>
    </ClCompile>
    <ClCompile Include="texture_loader_d3d11.cpp">
      <Filter>EasyEngine\99_System\Windows\DirectX11</Filter>
    </ClCompile>
    <ClCompile Include="scene_manager.cpp">
      <Filter>EasyEngine\0_Tools\Scene</Filter>
    </ClCompile>
    <ClCompile Include="actor.cpp">
      <Filter>EasyEngine\0_Tools\Actor</Filter>
    </ClCompile>
  </ItemGroup>
  <ItemGroup>
    <FxCompile Include="sprite_vs.vsh">
      <Filter>リソース ファイル\Shader</Filter>
    </FxCompile>
    <FxCompile Include="sprite_ps.psh">
      <Filter>リソース ファイル\Shader</Filter>
    </FxCompile>
  </ItemGroup>
  <ItemGroup>
    <None Include="factory.hpp">
      <Filter>EasyEngine\1_Core</Filter>
    </None>
  </ItemGroup>
</Project>