<?xml version="1.0" encoding="utf-8"?>
<Project ToolsVersion="4.0" xmlns="http://schemas.microsoft.com/developer/msbuild/2003">
  <ItemGroup>
    <Filter Include="リソース ファイル">
      <UniqueIdentifier>{67DA6AB6-F800-4c08-8B7A-83BB121AAD01}</UniqueIdentifier>
      <Extensions>rc;ico;cur;bmp;dlg;rc2;rct;bin;rgs;gif;jpg;jpeg;jpe;resx;tiff;tif;png;wav;mfcribbon-ms</Extensions>
    </Filter>
    <Filter Include="Project">
      <UniqueIdentifier>{4FC737F1-C7A5-4376-A066-2A32D752A2FF}</UniqueIdentifier>
      <Extensions>cpp;c;cc;cxx;def;odl;idl;hpj;bat;asm;asmx</Extensions>
    </Filter>
    <Filter Include="Project\EasyEngine">
      <UniqueIdentifier>{f9a672b8-e1ac-4e86-ac35-f3d7a8da30dd}</UniqueIdentifier>
    </Filter>
    <Filter Include="Project\EasyEngine\00_Actor">
      <UniqueIdentifier>{c5184119-dbe9-4d4f-bfc2-be44555a307d}</UniqueIdentifier>
    </Filter>
    <Filter Include="Project\EasyEngine\01_Scene">
      <UniqueIdentifier>{6deff352-317c-426c-af0a-a7c687174fb3}</UniqueIdentifier>
    </Filter>
    <Filter Include="Project\EasyEngine\99_Utility">
      <UniqueIdentifier>{037197f8-2b1f-4bce-97a6-bd5e20d69e8b}</UniqueIdentifier>
    </Filter>
    <Filter Include="Project\EasyEngine\03_JobScheduler">
      <UniqueIdentifier>{0f22ccfb-dd3f-4172-a500-2c1b668fb2b5}</UniqueIdentifier>
    </Filter>
    <Filter Include="Project\EasyEngine\04_RenderBatch">
      <UniqueIdentifier>{21505498-f87d-4fa4-a8d6-3843af9174e8}</UniqueIdentifier>
    </Filter>
    <Filter Include="Project\EasyEngine\02_Component">
      <UniqueIdentifier>{365f1458-5657-4580-824e-865cfd79ea6d}</UniqueIdentifier>
    </Filter>
    <Filter Include="Project\EasyEngine\05_Shape">
      <UniqueIdentifier>{f7f1c23e-28fa-4dd0-87d0-b6ffb10025ec}</UniqueIdentifier>
    </Filter>
  </ItemGroup>
  <ItemGroup>
    <ClCompile Include="main.cpp">
      <Filter>Project</Filter>
    </ClCompile>
  </ItemGroup>
  <ItemGroup>
    <ClInclude Include="egeg.hpp">
      <Filter>Project\EasyEngine</Filter>
    </ClInclude>
    <ClInclude Include="application.hpp">
      <Filter>Project\EasyEngine</Filter>
    </ClInclude>
    <ClInclude Include="factory.hpp">
      <Filter>Project\EasyEngine\99_Utility</Filter>
    </ClInclude>
    <ClInclude Include="uid.hpp">
      <Filter>Project\EasyEngine\99_Utility</Filter>
    </ClInclude>
    <ClInclude Include="actor.hpp">
      <Filter>Project\EasyEngine\00_Actor</Filter>
    </ClInclude>
    <ClInclude Include="game_unit.hpp">
      <Filter>Project\EasyEngine</Filter>
    </ClInclude>
    <ClInclude Include="scene.hpp">
      <Filter>Project\EasyEngine\01_Scene</Filter>
    </ClInclude>
    <ClInclude Include="egeg_math.hpp">
      <Filter>Project\EasyEngine\99_Utility</Filter>
    </ClInclude>
    <ClInclude Include="actor2d.hpp">
      <Filter>Project\EasyEngine\00_Actor</Filter>
    </ClInclude>
    <ClInclude Include="actor3d.hpp">
      <Filter>Project\EasyEngine\00_Actor</Filter>
    </ClInclude>
    <ClInclude Include="component.hpp">
      <Filter>Project\EasyEngine\02_Component</Filter>
    </ClInclude>
    <ClInclude Include="circle.hpp">
      <Filter>Project\EasyEngine\05_Shape</Filter>
    </ClInclude>
    <ClInclude Include="sphere.hpp">
      <Filter>Project\EasyEngine\05_Shape</Filter>
    </ClInclude>
    <ClInclude Include="rectangle.hpp">
      <Filter>Project\EasyEngine\05_Shape</Filter>
    </ClInclude>
    <ClInclude Include="cuboid.hpp">
      <Filter>Project\EasyEngine\05_Shape</Filter>
    </ClInclude>
    <ClInclude Include="line2d.hpp">
      <Filter>Project\EasyEngine\05_Shape</Filter>
    </ClInclude>
    <ClInclude Include="line3d.hpp">
      <Filter>Project\EasyEngine\05_Shape</Filter>
    </ClInclude>
  </ItemGroup>
  <ItemGroup>
    <None Include="egeg_math.inl">
      <Filter>Project\EasyEngine\99_Utility</Filter>
    </None>
  </ItemGroup>
</Project>