<?xml version="1.0" encoding="utf-8"?>
<Project ToolsVersion="4.0" xmlns="http://schemas.microsoft.com/developer/msbuild/2003">
  <ItemGroup>
    <Filter Include="リソース ファイル">
      <UniqueIdentifier>{67DA6AB6-F800-4c08-8B7A-83BB121AAD01}</UniqueIdentifier>
      <Extensions>rc;ico;cur;bmp;dlg;rc2;rct;bin;rgs;gif;jpg;jpeg;jpe;resx;tiff;tif;png;wav;mfcribbon-ms</Extensions>
    </Filter>
    <Filter Include="Project">
      <UniqueIdentifier>{4FC737F1-C7A5-4376-A066-2A32D752A2FF}</UniqueIdentifier>
      <Extensions>cpp;c;cc;cxx;def;odl;idl;hpj;bat;asm;asmx</Extensions>
    </Filter>
    <Filter Include="Project\EasyEngine">
      <UniqueIdentifier>{f9a672b8-e1ac-4e86-ac35-f3d7a8da30dd}</UniqueIdentifier>
    </Filter>
    <Filter Include="Project\EasyEngine\99_System">
      <UniqueIdentifier>{037197f8-2b1f-4bce-97a6-bd5e20d69e8b}</UniqueIdentifier>
    </Filter>
    <Filter Include="Project\EasyEngine\99_System\Input">
      <UniqueIdentifier>{3d9bc61e-2423-4e35-9537-0179022c984e}</UniqueIdentifier>
    </Filter>
    <Filter Include="Project\EasyEngine\99_System\Input\Controller">
      <UniqueIdentifier>{375e4309-40ff-4626-a6fd-8d107b6d1e7b}</UniqueIdentifier>
    </Filter>
    <Filter Include="Project\EasyEngine\99_System\Rendering">
      <UniqueIdentifier>{c57a0814-1b67-4b2d-ae8f-cb83d38e5397}</UniqueIdentifier>
    </Filter>
    <Filter Include="Project\EasyEngine\99_System\Rendering\Loader">
      <UniqueIdentifier>{34759648-190b-4e37-88cf-e9c4479d3f5a}</UniqueIdentifier>
    </Filter>
    <Filter Include="Project\EasyEngine\99_System\Rendering\Scene">
      <UniqueIdentifier>{01a7b2f5-889a-4308-afcc-630a3b13fc48}</UniqueIdentifier>
    </Filter>
    <Filter Include="Project\EasyEngine\04_Shader">
      <UniqueIdentifier>{7d648bd6-e005-4b97-aefb-c34d4e4c2633}</UniqueIdentifier>
    </Filter>
    <Filter Include="Project\EasyEngine\99_System\Rendering\Shader">
      <UniqueIdentifier>{98857fb5-1de2-4f2b-9bd2-03335a7aab89}</UniqueIdentifier>
    </Filter>
    <Filter Include="Project\EasyEngine\99_System\Utility">
      <UniqueIdentifier>{341d67f1-f149-4e91-a4c3-bc5311f2a0a5}</UniqueIdentifier>
    </Filter>
    <Filter Include="Project\EasyEngine\00_Objects">
      <UniqueIdentifier>{c5184119-dbe9-4d4f-bfc2-be44555a307d}</UniqueIdentifier>
    </Filter>
    <Filter Include="Project\EasyEngine\00_Objects\Actor">
      <UniqueIdentifier>{8c66c6de-920b-4955-afe6-92f86d65d566}</UniqueIdentifier>
    </Filter>
    <Filter Include="Project\EasyEngine\00_Objects\Level">
      <UniqueIdentifier>{6deff352-317c-426c-af0a-a7c687174fb3}</UniqueIdentifier>
    </Filter>
    <Filter Include="Project\EasyEngine\00_Objects\Camera">
      <UniqueIdentifier>{a3cb9126-e9c8-4859-aea2-f1c4cae85d09}</UniqueIdentifier>
    </Filter>
    <Filter Include="Project\EasyEngine\01_Component">
      <UniqueIdentifier>{365f1458-5657-4580-824e-865cfd79ea6d}</UniqueIdentifier>
    </Filter>
    <Filter Include="Project\EasyEngine\02_JobScheduler">
      <UniqueIdentifier>{0f22ccfb-dd3f-4172-a500-2c1b668fb2b5}</UniqueIdentifier>
    </Filter>
    <Filter Include="Project\EasyEngine\03_Shape">
      <UniqueIdentifier>{f7f1c23e-28fa-4dd0-87d0-b6ffb10025ec}</UniqueIdentifier>
    </Filter>
    <Filter Include="Project\EasyEngine\01_Component\3D">
      <UniqueIdentifier>{aaa28286-0243-4221-94a8-9526eeb45880}</UniqueIdentifier>
    </Filter>
    <Filter Include="Project\EasyEngine\01_Component\2D">
      <UniqueIdentifier>{b4f271b0-fad4-4516-a294-b69bfcd94200}</UniqueIdentifier>
    </Filter>
    <Filter Include="Project\EasyEngine\01_Component\Common">
      <UniqueIdentifier>{c740ded3-1148-463b-985c-33e3e6af0ee6}</UniqueIdentifier>
    </Filter>
    <Filter Include="Project\EasyEngine\99_System\Input\Device">
      <UniqueIdentifier>{dab34000-7c3f-43d5-bd34-0ac11aae8b8d}</UniqueIdentifier>
    </Filter>
  </ItemGroup>
  <ItemGroup>
    <ClCompile Include="main.cpp">
      <Filter>Project</Filter>
    </ClCompile>
    <ClCompile Include="xinput_controller.cpp">
      <Filter>Project\EasyEngine\99_System\Input\Controller</Filter>
    </ClCompile>
    <ClCompile Include="application.cpp">
      <Filter>Project\EasyEngine\99_System</Filter>
    </ClCompile>
    <ClCompile Include="rendering_engine.cpp">
      <Filter>Project\EasyEngine\99_System\Rendering</Filter>
    </ClCompile>
    <ClCompile Include="shader_loader.cpp">
      <Filter>Project\EasyEngine\99_System\Rendering\Loader</Filter>
    </ClCompile>
    <ClCompile Include="easy_engine.cpp">
      <Filter>Project\EasyEngine\99_System</Filter>
    </ClCompile>
    <ClCompile Include="scene3d.cpp">
      <Filter>Project\EasyEngine\99_System\Rendering\Scene</Filter>
    </ClCompile>
    <ClCompile Include="WavefrontOBJ_loader.cpp">
      <Filter>Project\EasyEngine\99_System\Rendering\Loader</Filter>
    </ClCompile>
    <ClCompile Include="level_manager.cpp">
      <Filter>Project\EasyEngine\00_Objects\Level</Filter>
    </ClCompile>
    <ClCompile Include="actor.cpp">
      <Filter>Project\EasyEngine\00_Objects\Actor</Filter>
    </ClCompile>
    <ClCompile Include="test_level.cpp">
      <Filter>Project\EasyEngine\00_Objects\Level</Filter>
    </ClCompile>
    <ClCompile Include="transform3d.cpp">
      <Filter>Project\EasyEngine\01_Component\3D</Filter>
    </ClCompile>
    <ClCompile Include="rendering3d.cpp">
      <Filter>Project\EasyEngine\01_Component\3D</Filter>
    </ClCompile>
    <ClCompile Include="xinput.cpp">
      <Filter>Project\EasyEngine\99_System\Input\Device</Filter>
    </ClCompile>
    <ClCompile Include="keyboard.cpp">
      <Filter>Project\EasyEngine\99_System\Input\Device</Filter>
    </ClCompile>
    <ClCompile Include="keyboard_controller.cpp">
      <Filter>Project\EasyEngine\99_System\Input\Controller</Filter>
    </ClCompile>
  </ItemGroup>
  <ItemGroup>
    <ClInclude Include="egeg_math.hpp">
      <Filter>Project\EasyEngine\99_System</Filter>
    </ClInclude>
    <ClInclude Include="circle.hpp">
      <Filter>Project\EasyEngine\03_Shape</Filter>
    </ClInclude>
    <ClInclude Include="sphere.hpp">
      <Filter>Project\EasyEngine\03_Shape</Filter>
    </ClInclude>
    <ClInclude Include="rectangle.hpp">
      <Filter>Project\EasyEngine\03_Shape</Filter>
    </ClInclude>
    <ClInclude Include="cuboid.hpp">
      <Filter>Project\EasyEngine\03_Shape</Filter>
    </ClInclude>
    <ClInclude Include="line2d.hpp">
      <Filter>Project\EasyEngine\03_Shape</Filter>
    </ClInclude>
    <ClInclude Include="line3d.hpp">
      <Filter>Project\EasyEngine\03_Shape</Filter>
    </ClInclude>
    <ClInclude Include="application.hpp">
      <Filter>Project\EasyEngine\99_System</Filter>
    </ClInclude>
    <ClInclude Include="egeg.hpp">
      <Filter>Project\EasyEngine\99_System</Filter>
    </ClInclude>
    <ClInclude Include="controller.hpp">
      <Filter>Project\EasyEngine\99_System\Input\Controller</Filter>
    </ClInclude>
    <ClInclude Include="xinput_controller.hpp">
      <Filter>Project\EasyEngine\99_System\Input\Controller</Filter>
    </ClInclude>
    <ClInclude Include="application_status.hpp">
      <Filter>Project\EasyEngine\99_System</Filter>
    </ClInclude>
    <ClInclude Include="job_container.hpp">
      <Filter>Project\EasyEngine\02_JobScheduler</Filter>
    </ClInclude>
    <ClInclude Include="job.hpp">
      <Filter>Project\EasyEngine\02_JobScheduler</Filter>
    </ClInclude>
    <ClInclude Include="job_scheduler.hpp">
      <Filter>Project\EasyEngine\02_JobScheduler</Filter>
    </ClInclude>
    <ClInclude Include="rendering_engine.hpp">
      <Filter>Project\EasyEngine\99_System\Rendering</Filter>
    </ClInclude>
    <ClInclude Include="shader_loader.hpp">
      <Filter>Project\EasyEngine\99_System\Rendering\Loader</Filter>
    </ClInclude>
    <ClInclude Include="level.hpp">
      <Filter>Project\EasyEngine\00_Objects\Level</Filter>
    </ClInclude>
    <ClInclude Include="scene.hpp">
      <Filter>Project\EasyEngine\99_System\Rendering\Scene</Filter>
    </ClInclude>
    <ClInclude Include="vertex_shader.hpp">
      <Filter>Project\EasyEngine\99_System\Rendering\Shader</Filter>
    </ClInclude>
    <ClInclude Include="pixel_shader.hpp">
      <Filter>Project\EasyEngine\99_System\Rendering\Shader</Filter>
    </ClInclude>
    <ClInclude Include="geometry_shader.hpp">
      <Filter>Project\EasyEngine\99_System\Rendering\Shader</Filter>
    </ClInclude>
    <ClInclude Include="shader.hpp">
      <Filter>Project\EasyEngine\99_System\Rendering\Shader</Filter>
    </ClInclude>
    <ClInclude Include="vertex_binder.hpp">
      <Filter>Project\EasyEngine\99_System\Rendering</Filter>
    </ClInclude>
    <ClInclude Include="scene3d.hpp">
      <Filter>Project\EasyEngine\99_System\Rendering\Scene</Filter>
    </ClInclude>
    <ClInclude Include="easy_engine.hpp">
      <Filter>Project\EasyEngine\99_System</Filter>
    </ClInclude>
    <ClInclude Include="model.hpp">
      <Filter>Project\EasyEngine\99_System\Rendering</Filter>
    </ClInclude>
    <ClInclude Include="scene2d.hpp">
      <Filter>Project\EasyEngine\99_System\Rendering\Scene</Filter>
    </ClInclude>
    <ClInclude Include="uid.hpp">
      <Filter>Project\EasyEngine\99_System\Utility</Filter>
    </ClInclude>
    <ClInclude Include="noncopyable.hpp">
      <Filter>Project\EasyEngine\99_System\Utility</Filter>
    </ClInclude>
    <ClInclude Include="detailed_returnvalue.hpp">
      <Filter>Project\EasyEngine\99_System\Utility</Filter>
    </ClInclude>
    <ClInclude Include="utility_function.hpp">
      <Filter>Project\EasyEngine\99_System\Utility</Filter>
    </ClInclude>
    <ClInclude Include="level_manager.hpp">
      <Filter>Project\EasyEngine\00_Objects\Level</Filter>
    </ClInclude>
    <ClInclude Include="WavefrontOBJ_loader.hpp">
      <Filter>Project\EasyEngine\99_System\Rendering\Loader</Filter>
    </ClInclude>
    <ClInclude Include="mesh.hpp">
      <Filter>Project\EasyEngine\99_System\Rendering</Filter>
    </ClInclude>
    <ClInclude Include="loader.hpp">
      <Filter>Project\EasyEngine\99_System\Rendering\Loader</Filter>
    </ClInclude>
    <ClInclude Include="error.hpp">
      <Filter>Project\EasyEngine\99_System\Utility</Filter>
    </ClInclude>
    <ClInclude Include="factory.hpp">
      <Filter>Project\EasyEngine\99_System\Utility</Filter>
    </ClInclude>
    <ClInclude Include="actor3d.hpp">
      <Filter>Project\EasyEngine\00_Objects\Actor</Filter>
    </ClInclude>
    <ClInclude Include="actor.hpp">
      <Filter>Project\EasyEngine\00_Objects\Actor</Filter>
    </ClInclude>
    <ClInclude Include="actor2d.hpp">
      <Filter>Project\EasyEngine\00_Objects\Actor</Filter>
    </ClInclude>
    <ClInclude Include="camera.hpp">
      <Filter>Project\EasyEngine\00_Objects\Camera</Filter>
    </ClInclude>
    <ClInclude Include="test_level.hpp">
      <Filter>Project\EasyEngine\00_Objects\Level</Filter>
    </ClInclude>
    <ClInclude Include="transform3d.hpp">
      <Filter>Project\EasyEngine\01_Component\3D</Filter>
    </ClInclude>
    <ClInclude Include="component3d.hpp">
      <Filter>Project\EasyEngine\01_Component\3D</Filter>
    </ClInclude>
    <ClInclude Include="rendering3d.hpp">
      <Filter>Project\EasyEngine\01_Component\3D</Filter>
    </ClInclude>
    <ClInclude Include="component.hpp">
      <Filter>Project\EasyEngine\01_Component\Common</Filter>
    </ClInclude>
    <ClInclude Include="input_device.hpp">
      <Filter>Project\EasyEngine\99_System\Input\Device</Filter>
    </ClInclude>
    <ClInclude Include="xinput.hpp">
      <Filter>Project\EasyEngine\99_System\Input\Device</Filter>
    </ClInclude>
    <ClInclude Include="keyboard.hpp">
      <Filter>Project\EasyEngine\99_System\Input\Device</Filter>
    </ClInclude>
    <ClInclude Include="keyboard_controller.hpp">
      <Filter>Project\EasyEngine\99_System\Input\Controller</Filter>
    </ClInclude>
  </ItemGroup>
  <ItemGroup>
    <None Include="egeg_math.inl">
      <Filter>Project\EasyEngine\99_System</Filter>
    </None>
  </ItemGroup>
  <ItemGroup>
    <FxCompile Include="test_vs.vsh">
      <Filter>リソース ファイル</Filter>
    </FxCompile>
    <FxCompile Include="test_ps.psh">
      <Filter>リソース ファイル</Filter>
    </FxCompile>
  </ItemGroup>
</Project>