<?xml version="1.0" encoding="utf-8"?>
<Project ToolsVersion="4.0" xmlns="http://schemas.microsoft.com/developer/msbuild/2003">
  <ItemGroup>
    <Filter Include="リソース ファイル">
      <UniqueIdentifier>{67DA6AB6-F800-4c08-8B7A-83BB121AAD01}</UniqueIdentifier>
      <Extensions>rc;ico;cur;bmp;dlg;rc2;rct;bin;rgs;gif;jpg;jpeg;jpe;resx;tiff;tif;png;wav;mfcribbon-ms</Extensions>
    </Filter>
    <Filter Include="Project">
      <UniqueIdentifier>{4FC737F1-C7A5-4376-A066-2A32D752A2FF}</UniqueIdentifier>
      <Extensions>cpp;c;cc;cxx;def;odl;idl;hpj;bat;asm;asmx</Extensions>
    </Filter>
    <Filter Include="Project\EasyEngine">
      <UniqueIdentifier>{f9a672b8-e1ac-4e86-ac35-f3d7a8da30dd}</UniqueIdentifier>
    </Filter>
    <Filter Include="Project\EasyEngine\Utility">
      <UniqueIdentifier>{037197f8-2b1f-4bce-97a6-bd5e20d69e8b}</UniqueIdentifier>
    </Filter>
  </ItemGroup>
  <ItemGroup>
    <ClCompile Include="main.cpp">
      <Filter>Project</Filter>
    </ClCompile>
  </ItemGroup>
  <ItemGroup>
    <ClInclude Include="egeg.hpp">
      <Filter>Project\EasyEngine</Filter>
    </ClInclude>
    <ClInclude Include="application.hpp">
      <Filter>Project\EasyEngine</Filter>
    </ClInclude>
    <ClInclude Include="factory.hpp">
      <Filter>Project\EasyEngine\Utility</Filter>
    </ClInclude>
    <ClInclude Include="uid.hpp">
      <Filter>Project\EasyEngine\Utility</Filter>
    </ClInclude>
  </ItemGroup>
</Project>